
Microsoft Visual Studio Solution File, Format Version 12.00
# Visual Studio Version 17
VisualStudioVersion = 17.14.36202.13 d17.14
MinimumVisualStudioVersion = 10.0.40219.1
Project("{FAE04EC0-301F-11D3-BF4B-00C04F79EFBC}") = "SSTester", "SSTester\SSTester.csproj", "{2C1F280A-CAEA-4BA4-B8B7-4DEA877C2589}"
EndProject
Project("{FAE04EC0-301F-11D3-BF4B-00C04F79EFBC}") = "SynLib", "SynLib\SynLib.csproj", "{EB6FFCD3-6320-44DB-845A-6A9C521E6B08}"
EndProject
Global
	GlobalSection(SolutionConfigurationPlatforms) = preSolution
		Debug|Any CPU = Debug|Any CPU
		Release|Any CPU = Release|Any CPU
	EndGlobalSection
	GlobalSection(ProjectConfigurationPlatforms) = postSolution
		{2C1F280A-CAEA-4BA4-B8B7-4DEA877C2589}.Debug|Any CPU.ActiveCfg = Debug|Any CPU
		{2C1F280A-CAEA-4BA4-B8B7-4DEA877C2589}.Debug|Any CPU.Build.0 = Debug|Any CPU
		{2C1F280A-CAEA-4BA4-B8B7-4DEA877C2589}.Release|Any CPU.ActiveCfg = Release|Any CPU
		{2C1F280A-CAEA-4BA4-B8B7-4DEA877C2589}.Release|Any CPU.Build.0 = Release|Any CPU
		{EB6FFCD3-6320-44DB-845A-6A9C521E6B08}.Debug|Any CPU.ActiveCfg = Debug|Any CPU
		{EB6FFCD3-6320-44DB-845A-6A9C521E6B08}.Debug|Any CPU.Build.0 = Debug|Any CPU
		{EB6FFCD3-6320-44DB-845A-6A9C521E6B08}.Release|Any CPU.ActiveCfg = Release|Any CPU
		{EB6FFCD3-6320-44DB-845A-6A9C521E6B08}.Release|Any CPU.Build.0 = Release|Any CPU
	EndGlobalSection
	GlobalSection(SolutionProperties) = preSolution
		HideSolutionNode = FALSE
	EndGlobalSection
	GlobalSection(ExtensibilityGlobals) = postSolution
		SolutionGuid = {0204C48C-CFA5-4C1A-9ABE-BBEDBEF18F14}
	EndGlobalSection
EndGlobal
